
Microsoft Visual Studio Solution File, Format Version 12.00
# Visual Studio Version 16
VisualStudioVersion = 16.0.29613.14
MinimumVisualStudioVersion = 10.0.40219.1
Project("{9A19103F-16F7-4668-BE54-9A1E7A4F7556}") = "ChangeMvc", "ChangeMvc\ChangeMvc.csproj", "{5FF82808-FCAC-4FCD-B387-5A9F7679946B}"
EndProject
Project("{9A19103F-16F7-4668-BE54-9A1E7A4F7556}") = "ChangeApi", "ChangeApi\ChangeApi.csproj", "{F5FB1978-303C-4959-A55E-C012106B4263}"
EndProject
Project("{FAE04EC0-301F-11D3-BF4B-00C04F79EFBC}") = "ChangeHomeMVC", "ChangeHomeMVC\ChangeHomeMVC.csproj", "{C11E5C01-2CB6-4ACA-86D5-F2DBA1AB59B6}"
EndProject
Global
	GlobalSection(SolutionConfigurationPlatforms) = preSolution
		Debug|Any CPU = Debug|Any CPU
		Release|Any CPU = Release|Any CPU
	EndGlobalSection
	GlobalSection(ProjectConfigurationPlatforms) = postSolution
		{5FF82808-FCAC-4FCD-B387-5A9F7679946B}.Debug|Any CPU.ActiveCfg = Debug|Any CPU
		{5FF82808-FCAC-4FCD-B387-5A9F7679946B}.Debug|Any CPU.Build.0 = Debug|Any CPU
		{5FF82808-FCAC-4FCD-B387-5A9F7679946B}.Release|Any CPU.ActiveCfg = Release|Any CPU
		{5FF82808-FCAC-4FCD-B387-5A9F7679946B}.Release|Any CPU.Build.0 = Release|Any CPU
		{F5FB1978-303C-4959-A55E-C012106B4263}.Debug|Any CPU.ActiveCfg = Debug|Any CPU
		{F5FB1978-303C-4959-A55E-C012106B4263}.Debug|Any CPU.Build.0 = Debug|Any CPU
		{F5FB1978-303C-4959-A55E-C012106B4263}.Release|Any CPU.ActiveCfg = Release|Any CPU
		{F5FB1978-303C-4959-A55E-C012106B4263}.Release|Any CPU.Build.0 = Release|Any CPU
		{C11E5C01-2CB6-4ACA-86D5-F2DBA1AB59B6}.Debug|Any CPU.ActiveCfg = Debug|Any CPU
		{C11E5C01-2CB6-4ACA-86D5-F2DBA1AB59B6}.Debug|Any CPU.Build.0 = Debug|Any CPU
		{C11E5C01-2CB6-4ACA-86D5-F2DBA1AB59B6}.Release|Any CPU.ActiveCfg = Release|Any CPU
		{C11E5C01-2CB6-4ACA-86D5-F2DBA1AB59B6}.Release|Any CPU.Build.0 = Release|Any CPU
	EndGlobalSection
	GlobalSection(SolutionProperties) = preSolution
		HideSolutionNode = FALSE
	EndGlobalSection
	GlobalSection(ExtensibilityGlobals) = postSolution
		SolutionGuid = {CF9E0BF6-0803-4C20-A5C7-F952C02583A9}
	EndGlobalSection
EndGlobal
